
Microsoft Visual Studio Solution File, Format Version 12.00
# Visual Studio Version 17
VisualStudioVersion = 17.4.33110.190
MinimumVisualStudioVersion = 10.0.40219.1
Project("{FAE04EC0-301F-11D3-BF4B-00C04F79EFBC}") = "Prac1_MDK0402", "Prac1_MDK0402\Prac1_MDK0402.csproj", "{A6805344-882D-40D9-B613-775608C8B528}"
EndProject
Project("{FAE04EC0-301F-11D3-BF4B-00C04F79EFBC}") = "Prac1_MDK0402Tests", "Prac1_MDK0402Tests\Prac1_MDK0402Tests.csproj", "{53ACDBA0-0F61-4F96-9B71-058BE8379EDB}"
EndProject
Global
	GlobalSection(SolutionConfigurationPlatforms) = preSolution
		Debug|Any CPU = Debug|Any CPU
		Release|Any CPU = Release|Any CPU
	EndGlobalSection
	GlobalSection(ProjectConfigurationPlatforms) = postSolution
		{A6805344-882D-40D9-B613-775608C8B528}.Debug|Any CPU.ActiveCfg = Debug|Any CPU
		{A6805344-882D-40D9-B613-775608C8B528}.Debug|Any CPU.Build.0 = Debug|Any CPU
		{A6805344-882D-40D9-B613-775608C8B528}.Release|Any CPU.ActiveCfg = Release|Any CPU
		{A6805344-882D-40D9-B613-775608C8B528}.Release|Any CPU.Build.0 = Release|Any CPU
		{53ACDBA0-0F61-4F96-9B71-058BE8379EDB}.Debug|Any CPU.ActiveCfg = Debug|Any CPU
		{53ACDBA0-0F61-4F96-9B71-058BE8379EDB}.Debug|Any CPU.Build.0 = Debug|Any CPU
		{53ACDBA0-0F61-4F96-9B71-058BE8379EDB}.Release|Any CPU.ActiveCfg = Release|Any CPU
		{53ACDBA0-0F61-4F96-9B71-058BE8379EDB}.Release|Any CPU.Build.0 = Release|Any CPU
	EndGlobalSection
	GlobalSection(SolutionProperties) = preSolution
		HideSolutionNode = FALSE
	EndGlobalSection
	GlobalSection(ExtensibilityGlobals) = postSolution
		SolutionGuid = {4FA8E93E-17C8-4359-A6EA-8BB2265CFFC7}
	EndGlobalSection
EndGlobal
